
Microsoft Visual Studio Solution File, Format Version 12.00
# Visual Studio Version 17
VisualStudioVersion = 17.4.33205.214
MinimumVisualStudioVersion = 10.0.40219.1
Project("{FAE04EC0-301F-11D3-BF4B-00C04F79EFBC}") = "ToDoApplication", "ToDoApplication\ToDoApplication.csproj", "{B5E4152E-2E51-46EC-98FB-A0F43CF438CC}"
EndProject
Project("{FAE04EC0-301F-11D3-BF4B-00C04F79EFBC}") = "Day4", "Day4\Day4.csproj", "{75CCC578-C42B-4730-8160-00A6BA0C8DD3}"
EndProject
Global
	GlobalSection(SolutionConfigurationPlatforms) = preSolution
		Debug|Any CPU = Debug|Any CPU
		Release|Any CPU = Release|Any CPU
	EndGlobalSection
	GlobalSection(ProjectConfigurationPlatforms) = postSolution
		{B5E4152E-2E51-46EC-98FB-A0F43CF438CC}.Debug|Any CPU.ActiveCfg = Debug|Any CPU
		{B5E4152E-2E51-46EC-98FB-A0F43CF438CC}.Debug|Any CPU.Build.0 = Debug|Any CPU
		{B5E4152E-2E51-46EC-98FB-A0F43CF438CC}.Release|Any CPU.ActiveCfg = Release|Any CPU
		{B5E4152E-2E51-46EC-98FB-A0F43CF438CC}.Release|Any CPU.Build.0 = Release|Any CPU
		{75CCC578-C42B-4730-8160-00A6BA0C8DD3}.Debug|Any CPU.ActiveCfg = Debug|Any CPU
		{75CCC578-C42B-4730-8160-00A6BA0C8DD3}.Debug|Any CPU.Build.0 = Debug|Any CPU
		{75CCC578-C42B-4730-8160-00A6BA0C8DD3}.Release|Any CPU.ActiveCfg = Release|Any CPU
		{75CCC578-C42B-4730-8160-00A6BA0C8DD3}.Release|Any CPU.Build.0 = Release|Any CPU
	EndGlobalSection
	GlobalSection(SolutionProperties) = preSolution
		HideSolutionNode = FALSE
	EndGlobalSection
	GlobalSection(ExtensibilityGlobals) = postSolution
		SolutionGuid = {BB0B3B05-4E29-494A-B97C-036D0AA2720A}
	EndGlobalSection
EndGlobal
